
Microsoft Visual Studio Solution File, Format Version 12.00
# Visual Studio Version 17
VisualStudioVersion = 17.5.002.0
MinimumVisualStudioVersion = 10.0.40219.1
Project("{9A19103F-16F7-4668-BE54-9A1E7A4F7556}") = "Clicker(Back)", "Clicker(Back)\Clicker(Back).csproj", "{211117D4-604F-4278-9FD6-B778FB1B0F33}"
EndProject
Global
	GlobalSection(SolutionConfigurationPlatforms) = preSolution
		Debug|Any CPU = Debug|Any CPU
		Release|Any CPU = Release|Any CPU
	EndGlobalSection
	GlobalSection(ProjectConfigurationPlatforms) = postSolution
		{211117D4-604F-4278-9FD6-B778FB1B0F33}.Debug|Any CPU.ActiveCfg = Debug|Any CPU
		{211117D4-604F-4278-9FD6-B778FB1B0F33}.Debug|Any CPU.Build.0 = Debug|Any CPU
		{211117D4-604F-4278-9FD6-B778FB1B0F33}.Release|Any CPU.ActiveCfg = Release|Any CPU
		{211117D4-604F-4278-9FD6-B778FB1B0F33}.Release|Any CPU.Build.0 = Release|Any CPU
	EndGlobalSection
	GlobalSection(SolutionProperties) = preSolution
		HideSolutionNode = FALSE
	EndGlobalSection
	GlobalSection(ExtensibilityGlobals) = postSolution
		SolutionGuid = {403689E4-E10D-4433-BBA3-91CB92850E7F}
	EndGlobalSection
EndGlobal
